// !$*UTF8*$!
{
	archiveVersion = 1;
	classes = {
	};
	objectVersion = 55;
	objects = {

/* Begin PBXBuildFile section */
		66B2321527815DB90017257D /* AppDelegate.swift in Sources */ = {isa = PBXBuildFile; fileRef = 66B2321427815DB90017257D /* AppDelegate.swift */; };
		66B2321727815DB90017257D /* SceneDelegate.swift in Sources */ = {isa = PBXBuildFile; fileRef = 66B2321627815DB90017257D /* SceneDelegate.swift */; };
		66B2321927815DB90017257D /* MainTableViewController.swift in Sources */ = {isa = PBXBuildFile; fileRef = 66B2321827815DB90017257D /* MainTableViewController.swift */; };
		66B2321C27815DB90017257D /* Main.storyboard in Resources */ = {isa = PBXBuildFile; fileRef = 66B2321A27815DB90017257D /* Main.storyboard */; };
		66B2321F27815DB90017257D /* ShopGoodwill.xcdatamodeld in Sources */ = {isa = PBXBuildFile; fileRef = 66B2321D27815DB90017257D /* ShopGoodwill.xcdatamodeld */; };
		66B2322127815DBA0017257D /* Assets.xcassets in Resources */ = {isa = PBXBuildFile; fileRef = 66B2322027815DBA0017257D /* Assets.xcassets */; };
		66B2322427815DBA0017257D /* LaunchScreen.storyboard in Resources */ = {isa = PBXBuildFile; fileRef = 66B2322227815DBA0017257D /* LaunchScreen.storyboard */; };
		66B2322F27815DBA0017257D /* ShopGoodwillTests.swift in Sources */ = {isa = PBXBuildFile; fileRef = 66B2322E27815DBA0017257D /* ShopGoodwillTests.swift */; };
		66B2323927815DBA0017257D /* ShopGoodwillUITests.swift in Sources */ = {isa = PBXBuildFile; fileRef = 66B2323827815DBA0017257D /* ShopGoodwillUITests.swift */; };
		66B2323B27815DBA0017257D /* ShopGoodwillUITestsLaunchTests.swift in Sources */ = {isa = PBXBuildFile; fileRef = 66B2323A27815DBA0017257D /* ShopGoodwillUITestsLaunchTests.swift */; };
		66B2324927816AF30017257D /* ToolBarDelegate.swift in Sources */ = {isa = PBXBuildFile; fileRef = 66B2324827816AF30017257D /* ToolBarDelegate.swift */; };
		66B2324B278170F90017257D /* SavedAuctionsTableViewController.swift in Sources */ = {isa = PBXBuildFile; fileRef = 66B2324A278170F90017257D /* SavedAuctionsTableViewController.swift */; };
		66B2324D278171310017257D /* BasicView.swift in Sources */ = {isa = PBXBuildFile; fileRef = 66B2324C278171310017257D /* BasicView.swift */; };
		66B2324F278179500017257D /* AboutTableViewController.swift in Sources */ = {isa = PBXBuildFile; fileRef = 66B2324E278179500017257D /* AboutTableViewController.swift */; };
		66B2328D278182C30017257D /* MainWebViewController.swift in Sources */ = {isa = PBXBuildFile; fileRef = 66B2328C278182C30017257D /* MainWebViewController.swift */; };
		66B2328F278256CF0017257D /* Saved Auctions Data Model.swift in Sources */ = {isa = PBXBuildFile; fileRef = 66B2328E278256CF0017257D /* Saved Auctions Data Model.swift */; };
		66B23292278258570017257D /* CloudKit.framework in Frameworks */ = {isa = PBXBuildFile; fileRef = 66B23291278258570017257D /* CloudKit.framework */; };
		66B23295278263E00017257D /* SPAlert in Frameworks */ = {isa = PBXBuildFile; productRef = 66B23294278263E00017257D /* SPAlert */; };
		66C6C5A2278BBEEB00662B83 /* Open Orders.swift in Sources */ = {isa = PBXBuildFile; fileRef = 66C6C5A0278BBEEB00662B83 /* Open Orders.swift */; };
		66C6C5A3278BBEEB00662B83 /* All Auctions.swift in Sources */ = {isa = PBXBuildFile; fileRef = 66C6C5A1278BBEEB00662B83 /* All Auctions.swift */; };
		66C6C5A5278BBEEB00662B83 /* Structs.swift in Sources */ = {isa = PBXBuildFile; fileRef = 66C6C59F278BBEEB00662B83 /* Structs.swift */; };
		66C6C5A9278BBF0500662B83 /* ItemDetailsTableViewController.swift in Sources */ = {isa = PBXBuildFile; fileRef = 66C6C5A7278BBF0500662B83 /* ItemDetailsTableViewController.swift */; };
		66C6C5AA278BBF0500662B83 /* SearchTableViewController.swift in Sources */ = {isa = PBXBuildFile; fileRef = 66C6C5A8278BBF0500662B83 /* SearchTableViewController.swift */; };
		66C6C5AE278BC15F00662B83 /* Alamofire in Frameworks */ = {isa = PBXBuildFile; productRef = 66C6C5AD278BC15F00662B83 /* Alamofire */; };
		66C6C5B2278BC1BB00662B83 /* SwiftyJSON in Frameworks */ = {isa = PBXBuildFile; productRef = 66C6C5B1278BC1BB00662B83 /* SwiftyJSON */; };
		66D46AA72782691D00C5D195 /* SavedItemDetailsTableViewController.swift in Sources */ = {isa = PBXBuildFile; fileRef = 66D46AA62782691D00C5D195 /* SavedItemDetailsTableViewController.swift */; };
/* End PBXBuildFile section */

/* Begin PBXContainerItemProxy section */
		66B2322B27815DBA0017257D /* PBXContainerItemProxy */ = {
			isa = PBXContainerItemProxy;
			containerPortal = 66B2320927815DB90017257D /* Project object */;
			proxyType = 1;
			remoteGlobalIDString = 66B2321027815DB90017257D;
			remoteInfo = ShopGoodwill;
		};
		66B2323527815DBA0017257D /* PBXContainerItemProxy */ = {
			isa = PBXContainerItemProxy;
			containerPortal = 66B2320927815DB90017257D /* Project object */;
			proxyType = 1;
			remoteGlobalIDString = 66B2321027815DB90017257D;
			remoteInfo = ShopGoodwill;
		};
/* End PBXContainerItemProxy section */

/* Begin PBXFileReference section */
		66B2321127815DB90017257D /* ShopGoodwill.app */ = {isa = PBXFileReference; explicitFileType = wrapper.application; includeInIndex = 0; path = ShopGoodwill.app; sourceTree = BUILT_PRODUCTS_DIR; };
		66B2321427815DB90017257D /* AppDelegate.swift */ = {isa = PBXFileReference; lastKnownFileType = sourcecode.swift; path = AppDelegate.swift; sourceTree = "<group>"; };
		66B2321627815DB90017257D /* SceneDelegate.swift */ = {isa = PBXFileReference; lastKnownFileType = sourcecode.swift; path = SceneDelegate.swift; sourceTree = "<group>"; };
		66B2321827815DB90017257D /* MainTableViewController.swift */ = {isa = PBXFileReference; lastKnownFileType = sourcecode.swift; path = MainTableViewController.swift; sourceTree = "<group>"; wrapsLines = 1; };
		66B2321B27815DB90017257D /* Base */ = {isa = PBXFileReference; lastKnownFileType = file.storyboard; name = Base; path = Base.lproj/Main.storyboard; sourceTree = "<group>"; };
		66B2321E27815DB90017257D /* ShopGoodwill.xcdatamodel */ = {isa = PBXFileReference; lastKnownFileType = wrapper.xcdatamodel; path = ShopGoodwill.xcdatamodel; sourceTree = "<group>"; };
		66B2322027815DBA0017257D /* Assets.xcassets */ = {isa = PBXFileReference; lastKnownFileType = folder.assetcatalog; path = Assets.xcassets; sourceTree = "<group>"; };
		66B2322327815DBA0017257D /* Base */ = {isa = PBXFileReference; lastKnownFileType = file.storyboard; name = Base; path = Base.lproj/LaunchScreen.storyboard; sourceTree = "<group>"; };
		66B2322527815DBA0017257D /* Info.plist */ = {isa = PBXFileReference; lastKnownFileType = text.plist.xml; path = Info.plist; sourceTree = "<group>"; };
		66B2322A27815DBA0017257D /* ShopGoodwillTests.xctest */ = {isa = PBXFileReference; explicitFileType = wrapper.cfbundle; includeInIndex = 0; path = ShopGoodwillTests.xctest; sourceTree = BUILT_PRODUCTS_DIR; };
		66B2322E27815DBA0017257D /* ShopGoodwillTests.swift */ = {isa = PBXFileReference; lastKnownFileType = sourcecode.swift; path = ShopGoodwillTests.swift; sourceTree = "<group>"; };
		66B2323427815DBA0017257D /* ShopGoodwillUITests.xctest */ = {isa = PBXFileReference; explicitFileType = wrapper.cfbundle; includeInIndex = 0; path = ShopGoodwillUITests.xctest; sourceTree = BUILT_PRODUCTS_DIR; };
		66B2323827815DBA0017257D /* ShopGoodwillUITests.swift */ = {isa = PBXFileReference; lastKnownFileType = sourcecode.swift; path = ShopGoodwillUITests.swift; sourceTree = "<group>"; };
		66B2323A27815DBA0017257D /* ShopGoodwillUITestsLaunchTests.swift */ = {isa = PBXFileReference; lastKnownFileType = sourcecode.swift; path = ShopGoodwillUITestsLaunchTests.swift; sourceTree = "<group>"; };
		66B232472781659E0017257D /* ShopGoodwill.entitlements */ = {isa = PBXFileReference; lastKnownFileType = text.plist.entitlements; path = ShopGoodwill.entitlements; sourceTree = "<group>"; };
		66B2324827816AF30017257D /* ToolBarDelegate.swift */ = {isa = PBXFileReference; fileEncoding = 4; lastKnownFileType = sourcecode.swift; path = ToolBarDelegate.swift; sourceTree = "<group>"; wrapsLines = 0; };
		66B2324A278170F90017257D /* SavedAuctionsTableViewController.swift */ = {isa = PBXFileReference; lastKnownFileType = sourcecode.swift; path = SavedAuctionsTableViewController.swift; sourceTree = "<group>"; };
		66B2324C278171310017257D /* BasicView.swift */ = {isa = PBXFileReference; lastKnownFileType = sourcecode.swift; path = BasicView.swift; sourceTree = "<group>"; };
		66B2324E278179500017257D /* AboutTableViewController.swift */ = {isa = PBXFileReference; fileEncoding = 4; lastKnownFileType = sourcecode.swift; path = AboutTableViewController.swift; sourceTree = "<group>"; };
		66B2328C278182C30017257D /* MainWebViewController.swift */ = {isa = PBXFileReference; lastKnownFileType = sourcecode.swift; lineEnding = 0; path = MainWebViewController.swift; sourceTree = "<group>"; wrapsLines = 1; };
		66B2328E278256CF0017257D /* Saved Auctions Data Model.swift */ = {isa = PBXFileReference; fileEncoding = 4; lastKnownFileType = sourcecode.swift; path = "Saved Auctions Data Model.swift"; sourceTree = "<group>"; wrapsLines = 0; };
		66B23291278258570017257D /* CloudKit.framework */ = {isa = PBXFileReference; lastKnownFileType = wrapper.framework; name = CloudKit.framework; path = System/Library/Frameworks/CloudKit.framework; sourceTree = SDKROOT; };
		66C6C59F278BBEEB00662B83 /* Structs.swift */ = {isa = PBXFileReference; lastKnownFileType = sourcecode.swift; path = Structs.swift; sourceTree = "<group>"; };
		66C6C5A0278BBEEB00662B83 /* Open Orders.swift */ = {isa = PBXFileReference; lastKnownFileType = sourcecode.swift; path = "Open Orders.swift"; sourceTree = "<group>"; };
		66C6C5A1278BBEEB00662B83 /* All Auctions.swift */ = {isa = PBXFileReference; lastKnownFileType = sourcecode.swift; path = "All Auctions.swift"; sourceTree = "<group>"; };
		66C6C5A7278BBF0500662B83 /* ItemDetailsTableViewController.swift */ = {isa = PBXFileReference; fileEncoding = 4; lastKnownFileType = sourcecode.swift; path = ItemDetailsTableViewController.swift; sourceTree = "<group>"; };
		66C6C5A8278BBF0500662B83 /* SearchTableViewController.swift */ = {isa = PBXFileReference; fileEncoding = 4; lastKnownFileType = sourcecode.swift; path = SearchTableViewController.swift; sourceTree = "<group>"; };
		66D46AA62782691D00C5D195 /* SavedItemDetailsTableViewController.swift */ = {isa = PBXFileReference; lastKnownFileType = sourcecode.swift; path = SavedItemDetailsTableViewController.swift; sourceTree = "<group>"; };
/* End PBXFileReference section */

/* Begin PBXFrameworksBuildPhase section */
		66B2320E27815DB90017257D /* Frameworks */ = {
			isa = PBXFrameworksBuildPhase;
			buildActionMask = 2147483647;
			files = (
				66C6C5AE278BC15F00662B83 /* Alamofire in Frameworks */,
				66B23295278263E00017257D /* SPAlert in Frameworks */,
				66C6C5B2278BC1BB00662B83 /* SwiftyJSON in Frameworks */,
				66B23292278258570017257D /* CloudKit.framework in Frameworks */,
			);
			runOnlyForDeploymentPostprocessing = 0;
		};
		66B2322727815DBA0017257D /* Frameworks */ = {
			isa = PBXFrameworksBuildPhase;
			buildActionMask = 2147483647;
			files = (
			);
			runOnlyForDeploymentPostprocessing = 0;
		};
		66B2323127815DBA0017257D /* Frameworks */ = {
			isa = PBXFrameworksBuildPhase;
			buildActionMask = 2147483647;
			files = (
			);
			runOnlyForDeploymentPostprocessing = 0;
		};
/* End PBXFrameworksBuildPhase section */

/* Begin PBXGroup section */
		66B2320827815DB90017257D = {
			isa = PBXGroup;
			children = (
				66B2321327815DB90017257D /* ShopGoodwill */,
				66B2322D27815DBA0017257D /* ShopGoodwillTests */,
				66B2323727815DBA0017257D /* ShopGoodwillUITests */,
				66B2321227815DB90017257D /* Products */,
				66B23290278258570017257D /* Frameworks */,
			);
			sourceTree = "<group>";
		};
		66B2321227815DB90017257D /* Products */ = {
			isa = PBXGroup;
			children = (
				66B2321127815DB90017257D /* ShopGoodwill.app */,
				66B2322A27815DBA0017257D /* ShopGoodwillTests.xctest */,
				66B2323427815DBA0017257D /* ShopGoodwillUITests.xctest */,
			);
			name = Products;
			sourceTree = "<group>";
		};
		66B2321327815DB90017257D /* ShopGoodwill */ = {
			isa = PBXGroup;
			children = (
				66B232472781659E0017257D /* ShopGoodwill.entitlements */,
				66B2321427815DB90017257D /* AppDelegate.swift */,
				66B2321627815DB90017257D /* SceneDelegate.swift */,
				66B2324827816AF30017257D /* ToolBarDelegate.swift */,
				66C6C5A6278BBEF300662B83 /* API Code */,
				66C6C59A278BBE0400662B83 /* CoreData */,
				66C6C5AB278BBF0B00662B83 /* Searching */,
				66C6C597278BBDC500662B83 /* Saved Items */,
				66C6C598278BBDD700662B83 /* Main Views */,
				66C6C599278BBDE200662B83 /* Settings and About */,
				66C6C59B278BBE1400662B83 /* Web Views */,
				66B2321A27815DB90017257D /* Main.storyboard */,
				66B2322227815DBA0017257D /* LaunchScreen.storyboard */,
				66B2322027815DBA0017257D /* Assets.xcassets */,
				66B2322527815DBA0017257D /* Info.plist */,
			);
			path = ShopGoodwill;
			sourceTree = "<group>";
		};
		66B2322D27815DBA0017257D /* ShopGoodwillTests */ = {
			isa = PBXGroup;
			children = (
				66B2322E27815DBA0017257D /* ShopGoodwillTests.swift */,
			);
			path = ShopGoodwillTests;
			sourceTree = "<group>";
		};
		66B2323727815DBA0017257D /* ShopGoodwillUITests */ = {
			isa = PBXGroup;
			children = (
				66B2323827815DBA0017257D /* ShopGoodwillUITests.swift */,
				66B2323A27815DBA0017257D /* ShopGoodwillUITestsLaunchTests.swift */,
			);
			path = ShopGoodwillUITests;
			sourceTree = "<group>";
		};
		66B23290278258570017257D /* Frameworks */ = {
			isa = PBXGroup;
			children = (
				66B23291278258570017257D /* CloudKit.framework */,
			);
			name = Frameworks;
			sourceTree = "<group>";
		};
		66C6C597278BBDC500662B83 /* Saved Items */ = {
			isa = PBXGroup;
			children = (
				66D46AA62782691D00C5D195 /* SavedItemDetailsTableViewController.swift */,
				66B2324A278170F90017257D /* SavedAuctionsTableViewController.swift */,
			);
			path = "Saved Items";
			sourceTree = "<group>";
		};
		66C6C598278BBDD700662B83 /* Main Views */ = {
			isa = PBXGroup;
			children = (
				66B2321827815DB90017257D /* MainTableViewController.swift */,
				66B2324C278171310017257D /* BasicView.swift */,
			);
			path = "Main Views";
			sourceTree = "<group>";
		};
		66C6C599278BBDE200662B83 /* Settings and About */ = {
			isa = PBXGroup;
			children = (
				66B2324E278179500017257D /* AboutTableViewController.swift */,
			);
			path = "Settings and About";
			sourceTree = "<group>";
		};
		66C6C59A278BBE0400662B83 /* CoreData */ = {
			isa = PBXGroup;
			children = (
				66B2328E278256CF0017257D /* Saved Auctions Data Model.swift */,
				66B2321D27815DB90017257D /* ShopGoodwill.xcdatamodeld */,
			);
			path = CoreData;
			sourceTree = "<group>";
		};
		66C6C59B278BBE1400662B83 /* Web Views */ = {
			isa = PBXGroup;
			children = (
				66B2328C278182C30017257D /* MainWebViewController.swift */,
			);
			path = "Web Views";
			sourceTree = "<group>";
		};
		66C6C5A6278BBEF300662B83 /* API Code */ = {
			isa = PBXGroup;
			children = (
				66C6C5A1278BBEEB00662B83 /* All Auctions.swift */,
				66C6C5A0278BBEEB00662B83 /* Open Orders.swift */,
				66C6C59F278BBEEB00662B83 /* Structs.swift */,
			);
			path = "API Code";
			sourceTree = "<group>";
		};
		66C6C5AB278BBF0B00662B83 /* Searching */ = {
			isa = PBXGroup;
			children = (
				66C6C5A8278BBF0500662B83 /* SearchTableViewController.swift */,
				66C6C5A7278BBF0500662B83 /* ItemDetailsTableViewController.swift */,
			);
			path = Searching;
			sourceTree = "<group>";
		};
/* End PBXGroup section */

/* Begin PBXNativeTarget section */
		66B2321027815DB90017257D /* ShopGoodwill */ = {
			isa = PBXNativeTarget;
			buildConfigurationList = 66B2323E27815DBA0017257D /* Build configuration list for PBXNativeTarget "ShopGoodwill" */;
			buildPhases = (
				66B2320D27815DB90017257D /* Sources */,
				66B2320E27815DB90017257D /* Frameworks */,
				66B2320F27815DB90017257D /* Resources */,
			);
			buildRules = (
			);
			dependencies = (
			);
			name = ShopGoodwill;
			packageProductDependencies = (
				66B23294278263E00017257D /* SPAlert */,
				66C6C5AD278BC15F00662B83 /* Alamofire */,
				66C6C5B1278BC1BB00662B83 /* SwiftyJSON */,
			);
			productName = ShopGoodwill;
			productReference = 66B2321127815DB90017257D /* ShopGoodwill.app */;
			productType = "com.apple.product-type.application";
		};
		66B2322927815DBA0017257D /* ShopGoodwillTests */ = {
			isa = PBXNativeTarget;
			buildConfigurationList = 66B2324127815DBA0017257D /* Build configuration list for PBXNativeTarget "ShopGoodwillTests" */;
			buildPhases = (
				66B2322627815DBA0017257D /* Sources */,
				66B2322727815DBA0017257D /* Frameworks */,
				66B2322827815DBA0017257D /* Resources */,
			);
			buildRules = (
			);
			dependencies = (
				66B2322C27815DBA0017257D /* PBXTargetDependency */,
			);
			name = ShopGoodwillTests;
			productName = ShopGoodwillTests;
			productReference = 66B2322A27815DBA0017257D /* ShopGoodwillTests.xctest */;
			productType = "com.apple.product-type.bundle.unit-test";
		};
		66B2323327815DBA0017257D /* ShopGoodwillUITests */ = {
			isa = PBXNativeTarget;
			buildConfigurationList = 66B2324427815DBA0017257D /* Build configuration list for PBXNativeTarget "ShopGoodwillUITests" */;
			buildPhases = (
				66B2323027815DBA0017257D /* Sources */,
				66B2323127815DBA0017257D /* Frameworks */,
				66B2323227815DBA0017257D /* Resources */,
			);
			buildRules = (
			);
			dependencies = (
				66B2323627815DBA0017257D /* PBXTargetDependency */,
			);
			name = ShopGoodwillUITests;
			productName = ShopGoodwillUITests;
			productReference = 66B2323427815DBA0017257D /* ShopGoodwillUITests.xctest */;
			productType = "com.apple.product-type.bundle.ui-testing";
		};
/* End PBXNativeTarget section */

/* Begin PBXProject section */
		66B2320927815DB90017257D /* Project object */ = {
			isa = PBXProject;
			attributes = {
				BuildIndependentTargetsInParallel = 1;
				LastSwiftUpdateCheck = 1310;
				LastUpgradeCheck = 1310;
				TargetAttributes = {
					66B2321027815DB90017257D = {
						CreatedOnToolsVersion = 13.1;
					};
					66B2322927815DBA0017257D = {
						CreatedOnToolsVersion = 13.1;
						TestTargetID = 66B2321027815DB90017257D;
					};
					66B2323327815DBA0017257D = {
						CreatedOnToolsVersion = 13.1;
						TestTargetID = 66B2321027815DB90017257D;
					};
				};
			};
			buildConfigurationList = 66B2320C27815DB90017257D /* Build configuration list for PBXProject "ShopGoodwill" */;
			compatibilityVersion = "Xcode 13.0";
			developmentRegion = en;
			hasScannedForEncodings = 0;
			knownRegions = (
				en,
				Base,
			);
			mainGroup = 66B2320827815DB90017257D;
			packageReferences = (
				66B23293278263E00017257D /* XCRemoteSwiftPackageReference "SPAlert" */,
				66C6C5AC278BC15F00662B83 /* XCRemoteSwiftPackageReference "Alamofire" */,
				66C6C5B0278BC1BB00662B83 /* XCRemoteSwiftPackageReference "SwiftyJSON" */,
			);
			productRefGroup = 66B2321227815DB90017257D /* Products */;
			projectDirPath = "";
			projectRoot = "";
			targets = (
				66B2321027815DB90017257D /* ShopGoodwill */,
				66B2322927815DBA0017257D /* ShopGoodwillTests */,
				66B2323327815DBA0017257D /* ShopGoodwillUITests */,
			);
		};
/* End PBXProject section */

/* Begin PBXResourcesBuildPhase section */
		66B2320F27815DB90017257D /* Resources */ = {
			isa = PBXResourcesBuildPhase;
			buildActionMask = 2147483647;
			files = (
				66B2322427815DBA0017257D /* LaunchScreen.storyboard in Resources */,
				66B2322127815DBA0017257D /* Assets.xcassets in Resources */,
				66B2321C27815DB90017257D /* Main.storyboard in Resources */,
			);
			runOnlyForDeploymentPostprocessing = 0;
		};
		66B2322827815DBA0017257D /* Resources */ = {
			isa = PBXResourcesBuildPhase;
			buildActionMask = 2147483647;
			files = (
			);
			runOnlyForDeploymentPostprocessing = 0;
		};
		66B2323227815DBA0017257D /* Resources */ = {
			isa = PBXResourcesBuildPhase;
			buildActionMask = 2147483647;
			files = (
			);
			runOnlyForDeploymentPostprocessing = 0;
		};
/* End PBXResourcesBuildPhase section */

/* Begin PBXSourcesBuildPhase section */
		66B2320D27815DB90017257D /* Sources */ = {
			isa = PBXSourcesBuildPhase;
			buildActionMask = 2147483647;
			files = (
				66B2324D278171310017257D /* BasicView.swift in Sources */,
				66C6C5A2278BBEEB00662B83 /* Open Orders.swift in Sources */,
				66B2321F27815DB90017257D /* ShopGoodwill.xcdatamodeld in Sources */,
				66C6C5A5278BBEEB00662B83 /* Structs.swift in Sources */,
				66B2321927815DB90017257D /* MainTableViewController.swift in Sources */,
				66B2328D278182C30017257D /* MainWebViewController.swift in Sources */,
				66B2324F278179500017257D /* AboutTableViewController.swift in Sources */,
				66B2321527815DB90017257D /* AppDelegate.swift in Sources */,
				66C6C5A3278BBEEB00662B83 /* All Auctions.swift in Sources */,
				66B2328F278256CF0017257D /* Saved Auctions Data Model.swift in Sources */,
				66B2324B278170F90017257D /* SavedAuctionsTableViewController.swift in Sources */,
				66C6C5A9278BBF0500662B83 /* ItemDetailsTableViewController.swift in Sources */,
				66B2324927816AF30017257D /* ToolBarDelegate.swift in Sources */,
				66C6C5AA278BBF0500662B83 /* SearchTableViewController.swift in Sources */,
				66B2321727815DB90017257D /* SceneDelegate.swift in Sources */,
				66D46AA72782691D00C5D195 /* SavedItemDetailsTableViewController.swift in Sources */,
			);
			runOnlyForDeploymentPostprocessing = 0;
		};
		66B2322627815DBA0017257D /* Sources */ = {
			isa = PBXSourcesBuildPhase;
			buildActionMask = 2147483647;
			files = (
				66B2322F27815DBA0017257D /* ShopGoodwillTests.swift in Sources */,
			);
			runOnlyForDeploymentPostprocessing = 0;
		};
		66B2323027815DBA0017257D /* Sources */ = {
			isa = PBXSourcesBuildPhase;
			buildActionMask = 2147483647;
			files = (
				66B2323927815DBA0017257D /* ShopGoodwillUITests.swift in Sources */,
				66B2323B27815DBA0017257D /* ShopGoodwillUITestsLaunchTests.swift in Sources */,
			);
			runOnlyForDeploymentPostprocessing = 0;
		};
/* End PBXSourcesBuildPhase section */

/* Begin PBXTargetDependency section */
		66B2322C27815DBA0017257D /* PBXTargetDependency */ = {
			isa = PBXTargetDependency;
			target = 66B2321027815DB90017257D /* ShopGoodwill */;
			targetProxy = 66B2322B27815DBA0017257D /* PBXContainerItemProxy */;
		};
		66B2323627815DBA0017257D /* PBXTargetDependency */ = {
			isa = PBXTargetDependency;
			target = 66B2321027815DB90017257D /* ShopGoodwill */;
			targetProxy = 66B2323527815DBA0017257D /* PBXContainerItemProxy */;
		};
/* End PBXTargetDependency section */

/* Begin PBXVariantGroup section */
		66B2321A27815DB90017257D /* Main.storyboard */ = {
			isa = PBXVariantGroup;
			children = (
				66B2321B27815DB90017257D /* Base */,
			);
			name = Main.storyboard;
			sourceTree = "<group>";
		};
		66B2322227815DBA0017257D /* LaunchScreen.storyboard */ = {
			isa = PBXVariantGroup;
			children = (
				66B2322327815DBA0017257D /* Base */,
			);
			name = LaunchScreen.storyboard;
			sourceTree = "<group>";
		};
/* End PBXVariantGroup section */

/* Begin XCBuildConfiguration section */
		66B2323C27815DBA0017257D /* Debug */ = {
			isa = XCBuildConfiguration;
			buildSettings = {
				ALWAYS_SEARCH_USER_PATHS = NO;
				CLANG_ANALYZER_NONNULL = YES;
				CLANG_ANALYZER_NUMBER_OBJECT_CONVERSION = YES_AGGRESSIVE;
				CLANG_CXX_LANGUAGE_STANDARD = "gnu++17";
				CLANG_CXX_LIBRARY = "libc++";
				CLANG_ENABLE_MODULES = YES;
				CLANG_ENABLE_OBJC_ARC = YES;
				CLANG_ENABLE_OBJC_WEAK = YES;
				CLANG_WARN_BLOCK_CAPTURE_AUTORELEASING = YES;
				CLANG_WARN_BOOL_CONVERSION = YES;
				CLANG_WARN_COMMA = YES;
				CLANG_WARN_CONSTANT_CONVERSION = YES;
				CLANG_WARN_DEPRECATED_OBJC_IMPLEMENTATIONS = YES;
				CLANG_WARN_DIRECT_OBJC_ISA_USAGE = YES_ERROR;
				CLANG_WARN_DOCUMENTATION_COMMENTS = YES;
				CLANG_WARN_EMPTY_BODY = YES;
				CLANG_WARN_ENUM_CONVERSION = YES;
				CLANG_WARN_INFINITE_RECURSION = YES;
				CLANG_WARN_INT_CONVERSION = YES;
				CLANG_WARN_NON_LITERAL_NULL_CONVERSION = YES;
				CLANG_WARN_OBJC_IMPLICIT_RETAIN_SELF = YES;
				CLANG_WARN_OBJC_LITERAL_CONVERSION = YES;
				CLANG_WARN_OBJC_ROOT_CLASS = YES_ERROR;
				CLANG_WARN_QUOTED_INCLUDE_IN_FRAMEWORK_HEADER = YES;
				CLANG_WARN_RANGE_LOOP_ANALYSIS = YES;
				CLANG_WARN_STRICT_PROTOTYPES = YES;
				CLANG_WARN_SUSPICIOUS_MOVE = YES;
				CLANG_WARN_UNGUARDED_AVAILABILITY = YES_AGGRESSIVE;
				CLANG_WARN_UNREACHABLE_CODE = YES;
				CLANG_WARN__DUPLICATE_METHOD_MATCH = YES;
				COPY_PHASE_STRIP = NO;
				DEBUG_INFORMATION_FORMAT = dwarf;
				ENABLE_STRICT_OBJC_MSGSEND = YES;
				ENABLE_TESTABILITY = YES;
				GCC_C_LANGUAGE_STANDARD = gnu11;
				GCC_DYNAMIC_NO_PIC = NO;
				GCC_NO_COMMON_BLOCKS = YES;
				GCC_OPTIMIZATION_LEVEL = 0;
				GCC_PREPROCESSOR_DEFINITIONS = (
					"DEBUG=1",
					"$(inherited)",
				);
				GCC_WARN_64_TO_32_BIT_CONVERSION = YES;
				GCC_WARN_ABOUT_RETURN_TYPE = YES_ERROR;
				GCC_WARN_UNDECLARED_SELECTOR = YES;
				GCC_WARN_UNINITIALIZED_AUTOS = YES_AGGRESSIVE;
				GCC_WARN_UNUSED_FUNCTION = YES;
				GCC_WARN_UNUSED_VARIABLE = YES;
				IPHONEOS_DEPLOYMENT_TARGET = 15.0;
				MTL_ENABLE_DEBUG_INFO = INCLUDE_SOURCE;
				MTL_FAST_MATH = YES;
				ONLY_ACTIVE_ARCH = YES;
				SDKROOT = iphoneos;
				SWIFT_ACTIVE_COMPILATION_CONDITIONS = DEBUG;
				SWIFT_OPTIMIZATION_LEVEL = "-Onone";
			};
			name = Debug;
		};
		66B2323D27815DBA0017257D /* Release */ = {
			isa = XCBuildConfiguration;
			buildSettings = {
				ALWAYS_SEARCH_USER_PATHS = NO;
				CLANG_ANALYZER_NONNULL = YES;
				CLANG_ANALYZER_NUMBER_OBJECT_CONVERSION = YES_AGGRESSIVE;
				CLANG_CXX_LANGUAGE_STANDARD = "gnu++17";
				CLANG_CXX_LIBRARY = "libc++";
				CLANG_ENABLE_MODULES = YES;
				CLANG_ENABLE_OBJC_ARC = YES;
				CLANG_ENABLE_OBJC_WEAK = YES;
				CLANG_WARN_BLOCK_CAPTURE_AUTORELEASING = YES;
				CLANG_WARN_BOOL_CONVERSION = YES;
				CLANG_WARN_COMMA = YES;
				CLANG_WARN_CONSTANT_CONVERSION = YES;
				CLANG_WARN_DEPRECATED_OBJC_IMPLEMENTATIONS = YES;
				CLANG_WARN_DIRECT_OBJC_ISA_USAGE = YES_ERROR;
				CLANG_WARN_DOCUMENTATION_COMMENTS = YES;
				CLANG_WARN_EMPTY_BODY = YES;
				CLANG_WARN_ENUM_CONVERSION = YES;
				CLANG_WARN_INFINITE_RECURSION = YES;
				CLANG_WARN_INT_CONVERSION = YES;
				CLANG_WARN_NON_LITERAL_NULL_CONVERSION = YES;
				CLANG_WARN_OBJC_IMPLICIT_RETAIN_SELF = YES;
				CLANG_WARN_OBJC_LITERAL_CONVERSION = YES;
				CLANG_WARN_OBJC_ROOT_CLASS = YES_ERROR;
				CLANG_WARN_QUOTED_INCLUDE_IN_FRAMEWORK_HEADER = YES;
				CLANG_WARN_RANGE_LOOP_ANALYSIS = YES;
				CLANG_WARN_STRICT_PROTOTYPES = YES;
				CLANG_WARN_SUSPICIOUS_MOVE = YES;
				CLANG_WARN_UNGUARDED_AVAILABILITY = YES_AGGRESSIVE;
				CLANG_WARN_UNREACHABLE_CODE = YES;
				CLANG_WARN__DUPLICATE_METHOD_MATCH = YES;
				COPY_PHASE_STRIP = NO;
				DEBUG_INFORMATION_FORMAT = "dwarf-with-dsym";
				ENABLE_NS_ASSERTIONS = NO;
				ENABLE_STRICT_OBJC_MSGSEND = YES;
				GCC_C_LANGUAGE_STANDARD = gnu11;
				GCC_NO_COMMON_BLOCKS = YES;
				GCC_WARN_64_TO_32_BIT_CONVERSION = YES;
				GCC_WARN_ABOUT_RETURN_TYPE = YES_ERROR;
				GCC_WARN_UNDECLARED_SELECTOR = YES;
				GCC_WARN_UNINITIALIZED_AUTOS = YES_AGGRESSIVE;
				GCC_WARN_UNUSED_FUNCTION = YES;
				GCC_WARN_UNUSED_VARIABLE = YES;
				IPHONEOS_DEPLOYMENT_TARGET = 15.0;
				MTL_ENABLE_DEBUG_INFO = NO;
				MTL_FAST_MATH = YES;
				SDKROOT = iphoneos;
				SWIFT_COMPILATION_MODE = wholemodule;
				SWIFT_OPTIMIZATION_LEVEL = "-O";
				VALIDATE_PRODUCT = YES;
			};
			name = Release;
		};
		66B2323F27815DBA0017257D /* Debug */ = {
			isa = XCBuildConfiguration;
			buildSettings = {
				ASSETCATALOG_COMPILER_APPICON_NAME = AppIcon;
				ASSETCATALOG_COMPILER_GLOBAL_ACCENT_COLOR_NAME = AccentColor;
				CODE_SIGN_ENTITLEMENTS = ShopGoodwill/ShopGoodwill.entitlements;
				CODE_SIGN_STYLE = Automatic;
				CURRENT_PROJECT_VERSION = 1;
				DEVELOPMENT_TEAM = 6755LPJ5W2;
				GENERATE_INFOPLIST_FILE = YES;
				INFOPLIST_FILE = ShopGoodwill/Info.plist;
				INFOPLIST_KEY_UIApplicationSupportsIndirectInputEvents = YES;
				INFOPLIST_KEY_UILaunchStoryboardName = LaunchScreen;
				INFOPLIST_KEY_UIMainStoryboardFile = Main;
				INFOPLIST_KEY_UISupportedInterfaceOrientations_iPad = "UIInterfaceOrientationPortrait UIInterfaceOrientationPortraitUpsideDown UIInterfaceOrientationLandscapeLeft UIInterfaceOrientationLandscapeRight";
				INFOPLIST_KEY_UISupportedInterfaceOrientations_iPhone = "UIInterfaceOrientationPortrait UIInterfaceOrientationLandscapeLeft UIInterfaceOrientationLandscapeRight";
				LD_RUNPATH_SEARCH_PATHS = (
					"$(inherited)",
					"@executable_path/Frameworks",
				);
				MARKETING_VERSION = 1.0;
				PRODUCT_BUNDLE_IDENTIFIER = com.sunapps.shopgoodwill;
				PRODUCT_NAME = "$(TARGET_NAME)";
				SUPPORTS_MACCATALYST = YES;
				SWIFT_EMIT_LOC_STRINGS = YES;
				SWIFT_VERSION = 5.0;
				TARGETED_DEVICE_FAMILY = "1,2";
			};
			name = Debug;
		};
		66B2324027815DBA0017257D /* Release */ = {
			isa = XCBuildConfiguration;
			buildSettings = {
				ASSETCATALOG_COMPILER_APPICON_NAME = AppIcon;
				ASSETCATALOG_COMPILER_GLOBAL_ACCENT_COLOR_NAME = AccentColor;
				CODE_SIGN_ENTITLEMENTS = ShopGoodwill/ShopGoodwill.entitlements;
				CODE_SIGN_STYLE = Automatic;
				CURRENT_PROJECT_VERSION = 1;
				DEVELOPMENT_TEAM = 6755LPJ5W2;
				GENERATE_INFOPLIST_FILE = YES;
				INFOPLIST_FILE = ShopGoodwill/Info.plist;
				INFOPLIST_KEY_UIApplicationSupportsIndirectInputEvents = YES;
				INFOPLIST_KEY_UILaunchStoryboardName = LaunchScreen;
				INFOPLIST_KEY_UIMainStoryboardFile = Main;
				INFOPLIST_KEY_UISupportedInterfaceOrientations_iPad = "UIInterfaceOrientationPortrait UIInterfaceOrientationPortraitUpsideDown UIInterfaceOrientationLandscapeLeft UIInterfaceOrientationLandscapeRight";
				INFOPLIST_KEY_UISupportedInterfaceOrientations_iPhone = "UIInterfaceOrientationPortrait UIInterfaceOrientationLandscapeLeft UIInterfaceOrientationLandscapeRight";
				LD_RUNPATH_SEARCH_PATHS = (
					"$(inherited)",
					"@executable_path/Frameworks",
				);
				MARKETING_VERSION = 1.0;
				PRODUCT_BUNDLE_IDENTIFIER = com.sunapps.shopgoodwill;
				PRODUCT_NAME = "$(TARGET_NAME)";
				SUPPORTS_MACCATALYST = YES;
				SWIFT_EMIT_LOC_STRINGS = YES;
				SWIFT_VERSION = 5.0;
				TARGETED_DEVICE_FAMILY = "1,2";
			};
			name = Release;
		};
		66B2324227815DBA0017257D /* Debug */ = {
			isa = XCBuildConfiguration;
			buildSettings = {
				ALWAYS_EMBED_SWIFT_STANDARD_LIBRARIES = YES;
				BUNDLE_LOADER = "$(TEST_HOST)";
				CODE_SIGN_STYLE = Automatic;
				CURRENT_PROJECT_VERSION = 1;
				GENERATE_INFOPLIST_FILE = YES;
				IPHONEOS_DEPLOYMENT_TARGET = 15.0;
				LD_RUNPATH_SEARCH_PATHS = (
					"$(inherited)",
					"@executable_path/Frameworks",
					"@loader_path/Frameworks",
				);
				MARKETING_VERSION = 1.0;
				PRODUCT_BUNDLE_IDENTIFIER = com.sunapps.ShopGoodwillTests;
				PRODUCT_NAME = "$(TARGET_NAME)";
				SWIFT_EMIT_LOC_STRINGS = NO;
				SWIFT_VERSION = 5.0;
				TARGETED_DEVICE_FAMILY = "1,2";
				TEST_HOST = "$(BUILT_PRODUCTS_DIR)/ShopGoodwill.app/ShopGoodwill";
			};
			name = Debug;
		};
		66B2324327815DBA0017257D /* Release */ = {
			isa = XCBuildConfiguration;
			buildSettings = {
				ALWAYS_EMBED_SWIFT_STANDARD_LIBRARIES = YES;
				BUNDLE_LOADER = "$(TEST_HOST)";
				CODE_SIGN_STYLE = Automatic;
				CURRENT_PROJECT_VERSION = 1;
				GENERATE_INFOPLIST_FILE = YES;
				IPHONEOS_DEPLOYMENT_TARGET = 15.0;
				LD_RUNPATH_SEARCH_PATHS = (
					"$(inherited)",
					"@executable_path/Frameworks",
					"@loader_path/Frameworks",
				);
				MARKETING_VERSION = 1.0;
				PRODUCT_BUNDLE_IDENTIFIER = com.sunapps.ShopGoodwillTests;
				PRODUCT_NAME = "$(TARGET_NAME)";
				SWIFT_EMIT_LOC_STRINGS = NO;
				SWIFT_VERSION = 5.0;
				TARGETED_DEVICE_FAMILY = "1,2";
				TEST_HOST = "$(BUILT_PRODUCTS_DIR)/ShopGoodwill.app/ShopGoodwill";
			};
			name = Release;
		};
		66B2324527815DBA0017257D /* Debug */ = {
			isa = XCBuildConfiguration;
			buildSettings = {
				ALWAYS_EMBED_SWIFT_STANDARD_LIBRARIES = YES;
				CODE_SIGN_STYLE = Automatic;
				CURRENT_PROJECT_VERSION = 1;
				GENERATE_INFOPLIST_FILE = YES;
				LD_RUNPATH_SEARCH_PATHS = (
					"$(inherited)",
					"@executable_path/Frameworks",
					"@loader_path/Frameworks",
				);
				MARKETING_VERSION = 1.0;
				PRODUCT_BUNDLE_IDENTIFIER = com.sunapps.ShopGoodwillUITests;
				PRODUCT_NAME = "$(TARGET_NAME)";
				SWIFT_EMIT_LOC_STRINGS = NO;
				SWIFT_VERSION = 5.0;
				TARGETED_DEVICE_FAMILY = "1,2";
				TEST_TARGET_NAME = ShopGoodwill;
			};
			name = Debug;
		};
		66B2324627815DBA0017257D /* Release */ = {
			isa = XCBuildConfiguration;
			buildSettings = {
				ALWAYS_EMBED_SWIFT_STANDARD_LIBRARIES = YES;
				CODE_SIGN_STYLE = Automatic;
				CURRENT_PROJECT_VERSION = 1;
				GENERATE_INFOPLIST_FILE = YES;
				LD_RUNPATH_SEARCH_PATHS = (
					"$(inherited)",
					"@executable_path/Frameworks",
					"@loader_path/Frameworks",
				);
				MARKETING_VERSION = 1.0;
				PRODUCT_BUNDLE_IDENTIFIER = com.sunapps.ShopGoodwillUITests;
				PRODUCT_NAME = "$(TARGET_NAME)";
				SWIFT_EMIT_LOC_STRINGS = NO;
				SWIFT_VERSION = 5.0;
				TARGETED_DEVICE_FAMILY = "1,2";
				TEST_TARGET_NAME = ShopGoodwill;
			};
			name = Release;
		};
/* End XCBuildConfiguration section */

/* Begin XCConfigurationList section */
		66B2320C27815DB90017257D /* Build configuration list for PBXProject "ShopGoodwill" */ = {
			isa = XCConfigurationList;
			buildConfigurations = (
				66B2323C27815DBA0017257D /* Debug */,
				66B2323D27815DBA0017257D /* Release */,
			);
			defaultConfigurationIsVisible = 0;
			defaultConfigurationName = Release;
		};
		66B2323E27815DBA0017257D /* Build configuration list for PBXNativeTarget "ShopGoodwill" */ = {
			isa = XCConfigurationList;
			buildConfigurations = (
				66B2323F27815DBA0017257D /* Debug */,
				66B2324027815DBA0017257D /* Release */,
			);
			defaultConfigurationIsVisible = 0;
			defaultConfigurationName = Release;
		};
		66B2324127815DBA0017257D /* Build configuration list for PBXNativeTarget "ShopGoodwillTests" */ = {
			isa = XCConfigurationList;
			buildConfigurations = (
				66B2324227815DBA0017257D /* Debug */,
				66B2324327815DBA0017257D /* Release */,
			);
			defaultConfigurationIsVisible = 0;
			defaultConfigurationName = Release;
		};
		66B2324427815DBA0017257D /* Build configuration list for PBXNativeTarget "ShopGoodwillUITests" */ = {
			isa = XCConfigurationList;
			buildConfigurations = (
				66B2324527815DBA0017257D /* Debug */,
				66B2324627815DBA0017257D /* Release */,
			);
			defaultConfigurationIsVisible = 0;
			defaultConfigurationName = Release;
		};
/* End XCConfigurationList section */

/* Begin XCRemoteSwiftPackageReference section */
		66B23293278263E00017257D /* XCRemoteSwiftPackageReference "SPAlert" */ = {
			isa = XCRemoteSwiftPackageReference;
			repositoryURL = "https://github.com/ivanvorobei/SPAlert";
			requirement = {
				kind = upToNextMinorVersion;
				minimumVersion = 4.1.0;
			};
		};
		66C6C5AC278BC15F00662B83 /* XCRemoteSwiftPackageReference "Alamofire" */ = {
			isa = XCRemoteSwiftPackageReference;
			repositoryURL = "https://github.com/Alamofire/Alamofire";
			requirement = {
				kind = upToNextMinorVersion;
				minimumVersion = 5.5.0;
			};
		};
		66C6C5B0278BC1BB00662B83 /* XCRemoteSwiftPackageReference "SwiftyJSON" */ = {
			isa = XCRemoteSwiftPackageReference;
			repositoryURL = "https://github.com/SwiftyJSON/SwiftyJSON";
			requirement = {
				branch = master;
				kind = branch;
			};
		};
/* End XCRemoteSwiftPackageReference section */

/* Begin XCSwiftPackageProductDependency section */
		66B23294278263E00017257D /* SPAlert */ = {
			isa = XCSwiftPackageProductDependency;
			package = 66B23293278263E00017257D /* XCRemoteSwiftPackageReference "SPAlert" */;
			productName = SPAlert;
		};
		66C6C5AD278BC15F00662B83 /* Alamofire */ = {
			isa = XCSwiftPackageProductDependency;
			package = 66C6C5AC278BC15F00662B83 /* XCRemoteSwiftPackageReference "Alamofire" */;
			productName = Alamofire;
		};
		66C6C5B1278BC1BB00662B83 /* SwiftyJSON */ = {
			isa = XCSwiftPackageProductDependency;
			package = 66C6C5B0278BC1BB00662B83 /* XCRemoteSwiftPackageReference "SwiftyJSON" */;
			productName = SwiftyJSON;
		};
/* End XCSwiftPackageProductDependency section */

/* Begin XCVersionGroup section */
		66B2321D27815DB90017257D /* ShopGoodwill.xcdatamodeld */ = {
			isa = XCVersionGroup;
			children = (
				66B2321E27815DB90017257D /* ShopGoodwill.xcdatamodel */,
			);
			currentVersion = 66B2321E27815DB90017257D /* ShopGoodwill.xcdatamodel */;
			path = ShopGoodwill.xcdatamodeld;
			sourceTree = "<group>";
			versionGroupType = wrapper.xcdatamodel;
		};
/* End XCVersionGroup section */
	};
	rootObject = 66B2320927815DB90017257D /* Project object */;
}
